
Microsoft Visual Studio Solution File, Format Version 12.00
# Visual Studio Version 17
VisualStudioVersion = 17.6.33723.286
MinimumVisualStudioVersion = 10.0.40219.1
Project("{FAE04EC0-301F-11D3-BF4B-00C04F79EFBC}") = "AsyncAwaitAndCallback", "AsyncAwaitAndCallback\AsyncAwaitAndCallback.csproj", "{04F9B970-CAC6-41E9-A2AA-4246AD3E0700}"
EndProject
Global
	GlobalSection(SolutionConfigurationPlatforms) = preSolution
		Debug|Any CPU = Debug|Any CPU
		Release|Any CPU = Release|Any CPU
	EndGlobalSection
	GlobalSection(ProjectConfigurationPlatforms) = postSolution
		{04F9B970-CAC6-41E9-A2AA-4246AD3E0700}.Debug|Any CPU.ActiveCfg = Debug|Any CPU
		{04F9B970-CAC6-41E9-A2AA-4246AD3E0700}.Debug|Any CPU.Build.0 = Debug|Any CPU
		{04F9B970-CAC6-41E9-A2AA-4246AD3E0700}.Release|Any CPU.ActiveCfg = Release|Any CPU
		{04F9B970-CAC6-41E9-A2AA-4246AD3E0700}.Release|Any CPU.Build.0 = Release|Any CPU
	EndGlobalSection
	GlobalSection(SolutionProperties) = preSolution
		HideSolutionNode = FALSE
	EndGlobalSection
	GlobalSection(ExtensibilityGlobals) = postSolution
		SolutionGuid = {5DE19B79-2C38-4366-A2DC-7A3575B98D8C}
	EndGlobalSection
EndGlobal
