
Microsoft Visual Studio Solution File, Format Version 12.00
# Visual Studio Version 17
VisualStudioVersion = 17.6.33723.286
MinimumVisualStudioVersion = 10.0.40219.1
Project("{FAE04EC0-301F-11D3-BF4B-00C04F79EFBC}") = "Practice", "Practice\Practice.csproj", "{8B66AA0F-4CA0-47BF-9F83-7E6BEB1FD940}"
EndProject
Global
	GlobalSection(SolutionConfigurationPlatforms) = preSolution
		Debug|Any CPU = Debug|Any CPU
		Release|Any CPU = Release|Any CPU
	EndGlobalSection
	GlobalSection(ProjectConfigurationPlatforms) = postSolution
		{8B66AA0F-4CA0-47BF-9F83-7E6BEB1FD940}.Debug|Any CPU.ActiveCfg = Debug|Any CPU
		{8B66AA0F-4CA0-47BF-9F83-7E6BEB1FD940}.Debug|Any CPU.Build.0 = Debug|Any CPU
		{8B66AA0F-4CA0-47BF-9F83-7E6BEB1FD940}.Release|Any CPU.ActiveCfg = Release|Any CPU
		{8B66AA0F-4CA0-47BF-9F83-7E6BEB1FD940}.Release|Any CPU.Build.0 = Release|Any CPU
	EndGlobalSection
	GlobalSection(SolutionProperties) = preSolution
		HideSolutionNode = FALSE
	EndGlobalSection
	GlobalSection(ExtensibilityGlobals) = postSolution
		SolutionGuid = {F9DBA059-5735-41DA-B39D-D3B37D109E87}
	EndGlobalSection
EndGlobal
