
Microsoft Visual Studio Solution File, Format Version 12.00
# Visual Studio Version 17
VisualStudioVersion = 17.7.34024.191
MinimumVisualStudioVersion = 10.0.40219.1
Project("{FAE04EC0-301F-11D3-BF4B-00C04F79EFBC}") = "Default Parameter", "Default Parameter\Default Parameter.csproj", "{0C39DA1B-BD16-425D-9C21-E327AE667552}"
EndProject
Project("{FAE04EC0-301F-11D3-BF4B-00C04F79EFBC}") = "DependentProject", "ConsoleApp1\DependentProject.csproj", "{8093BC5E-2E2D-4C9D-9D34-A5D5D06B3A75}"
EndProject
Global
	GlobalSection(SolutionConfigurationPlatforms) = preSolution
		Debug|Any CPU = Debug|Any CPU
		Release|Any CPU = Release|Any CPU
	EndGlobalSection
	GlobalSection(ProjectConfigurationPlatforms) = postSolution
		{0C39DA1B-BD16-425D-9C21-E327AE667552}.Debug|Any CPU.ActiveCfg = Debug|Any CPU
		{0C39DA1B-BD16-425D-9C21-E327AE667552}.Debug|Any CPU.Build.0 = Debug|Any CPU
		{0C39DA1B-BD16-425D-9C21-E327AE667552}.Release|Any CPU.ActiveCfg = Release|Any CPU
		{0C39DA1B-BD16-425D-9C21-E327AE667552}.Release|Any CPU.Build.0 = Release|Any CPU
		{8093BC5E-2E2D-4C9D-9D34-A5D5D06B3A75}.Debug|Any CPU.ActiveCfg = Debug|Any CPU
		{8093BC5E-2E2D-4C9D-9D34-A5D5D06B3A75}.Debug|Any CPU.Build.0 = Debug|Any CPU
		{8093BC5E-2E2D-4C9D-9D34-A5D5D06B3A75}.Release|Any CPU.ActiveCfg = Release|Any CPU
		{8093BC5E-2E2D-4C9D-9D34-A5D5D06B3A75}.Release|Any CPU.Build.0 = Release|Any CPU
	EndGlobalSection
	GlobalSection(SolutionProperties) = preSolution
		HideSolutionNode = FALSE
	EndGlobalSection
	GlobalSection(ExtensibilityGlobals) = postSolution
		SolutionGuid = {5497ED98-E846-4A6D-8F55-E476558B554C}
	EndGlobalSection
EndGlobal
