
Microsoft Visual Studio Solution File, Format Version 12.00
# Visual Studio Version 17
VisualStudioVersion = 17.6.33723.286
MinimumVisualStudioVersion = 10.0.40219.1
Project("{FAE04EC0-301F-11D3-BF4B-00C04F79EFBC}") = "BuilderPattern", "BuilderPattern\BuilderPattern.csproj", "{156668B0-DD7D-4011-A145-9CD184D2E29B}"
EndProject
Global
	GlobalSection(SolutionConfigurationPlatforms) = preSolution
		Debug|Any CPU = Debug|Any CPU
		Release|Any CPU = Release|Any CPU
	EndGlobalSection
	GlobalSection(ProjectConfigurationPlatforms) = postSolution
		{156668B0-DD7D-4011-A145-9CD184D2E29B}.Debug|Any CPU.ActiveCfg = Debug|Any CPU
		{156668B0-DD7D-4011-A145-9CD184D2E29B}.Debug|Any CPU.Build.0 = Debug|Any CPU
		{156668B0-DD7D-4011-A145-9CD184D2E29B}.Release|Any CPU.ActiveCfg = Release|Any CPU
		{156668B0-DD7D-4011-A145-9CD184D2E29B}.Release|Any CPU.Build.0 = Release|Any CPU
	EndGlobalSection
	GlobalSection(SolutionProperties) = preSolution
		HideSolutionNode = FALSE
	EndGlobalSection
	GlobalSection(ExtensibilityGlobals) = postSolution
		SolutionGuid = {99ADCF43-CD36-4650-A01A-52B0B28EC06C}
	EndGlobalSection
EndGlobal
