
Microsoft Visual Studio Solution File, Format Version 12.00
# Visual Studio Version 17
VisualStudioVersion = 17.7.34024.191
MinimumVisualStudioVersion = 10.0.40219.1
Project("{FAE04EC0-301F-11D3-BF4B-00C04F79EFBC}") = "Employee Management", "Employee Management\Employee Management.csproj", "{15A554AD-7DEA-4F95-A102-CAD20980CA11}"
EndProject
Global
	GlobalSection(SolutionConfigurationPlatforms) = preSolution
		Debug|Any CPU = Debug|Any CPU
		Release|Any CPU = Release|Any CPU
	EndGlobalSection
	GlobalSection(ProjectConfigurationPlatforms) = postSolution
		{15A554AD-7DEA-4F95-A102-CAD20980CA11}.Debug|Any CPU.ActiveCfg = Debug|Any CPU
		{15A554AD-7DEA-4F95-A102-CAD20980CA11}.Debug|Any CPU.Build.0 = Debug|Any CPU
		{15A554AD-7DEA-4F95-A102-CAD20980CA11}.Release|Any CPU.ActiveCfg = Release|Any CPU
		{15A554AD-7DEA-4F95-A102-CAD20980CA11}.Release|Any CPU.Build.0 = Release|Any CPU
	EndGlobalSection
	GlobalSection(SolutionProperties) = preSolution
		HideSolutionNode = FALSE
	EndGlobalSection
	GlobalSection(ExtensibilityGlobals) = postSolution
		SolutionGuid = {33853388-4B69-4AB0-BC4D-5771DC2D4E33}
	EndGlobalSection
EndGlobal
