
Microsoft Visual Studio Solution File, Format Version 12.00
# Visual Studio Version 17
VisualStudioVersion = 17.14.36310.24 d17.14
MinimumVisualStudioVersion = 10.0.40219.1
Project("{FAE04EC0-301F-11D3-BF4B-00C04F79EFBC}") = "Binary Search", "Binary Search\Binary Search.csproj", "{674748E1-BBA2-4847-92DF-5D5792355956}"
EndProject
Global
	GlobalSection(SolutionConfigurationPlatforms) = preSolution
		Debug|Any CPU = Debug|Any CPU
		Release|Any CPU = Release|Any CPU
	EndGlobalSection
	GlobalSection(ProjectConfigurationPlatforms) = postSolution
		{674748E1-BBA2-4847-92DF-5D5792355956}.Debug|Any CPU.ActiveCfg = Debug|Any CPU
		{674748E1-BBA2-4847-92DF-5D5792355956}.Debug|Any CPU.Build.0 = Debug|Any CPU
		{674748E1-BBA2-4847-92DF-5D5792355956}.Release|Any CPU.ActiveCfg = Release|Any CPU
		{674748E1-BBA2-4847-92DF-5D5792355956}.Release|Any CPU.Build.0 = Release|Any CPU
	EndGlobalSection
	GlobalSection(SolutionProperties) = preSolution
		HideSolutionNode = FALSE
	EndGlobalSection
	GlobalSection(ExtensibilityGlobals) = postSolution
		SolutionGuid = {057C8135-03E2-4A97-8BF2-EDC8E851F96B}
	EndGlobalSection
EndGlobal
