
Microsoft Visual Studio Solution File, Format Version 12.00
# Visual Studio Version 17
VisualStudioVersion = 17.7.34024.191
MinimumVisualStudioVersion = 10.0.40219.1
Project("{FAE04EC0-301F-11D3-BF4B-00C04F79EFBC}") = "DependencyInjection", "DependencyInjection\DependencyInjection.csproj", "{CEC101CF-63FF-433B-84DD-A1C7BC49E25C}"
EndProject
Global
	GlobalSection(SolutionConfigurationPlatforms) = preSolution
		Debug|Any CPU = Debug|Any CPU
		Release|Any CPU = Release|Any CPU
	EndGlobalSection
	GlobalSection(ProjectConfigurationPlatforms) = postSolution
		{CEC101CF-63FF-433B-84DD-A1C7BC49E25C}.Debug|Any CPU.ActiveCfg = Debug|Any CPU
		{CEC101CF-63FF-433B-84DD-A1C7BC49E25C}.Debug|Any CPU.Build.0 = Debug|Any CPU
		{CEC101CF-63FF-433B-84DD-A1C7BC49E25C}.Release|Any CPU.ActiveCfg = Release|Any CPU
		{CEC101CF-63FF-433B-84DD-A1C7BC49E25C}.Release|Any CPU.Build.0 = Release|Any CPU
	EndGlobalSection
	GlobalSection(SolutionProperties) = preSolution
		HideSolutionNode = FALSE
	EndGlobalSection
	GlobalSection(ExtensibilityGlobals) = postSolution
		SolutionGuid = {B67ADC05-6E2D-4A99-BE39-9E3A4C9E7EC5}
	EndGlobalSection
EndGlobal
