
Microsoft Visual Studio Solution File, Format Version 12.00
# Visual Studio Version 17
VisualStudioVersion = 17.6.33723.286
MinimumVisualStudioVersion = 10.0.40219.1
Project("{FAE04EC0-301F-11D3-BF4B-00C04F79EFBC}") = "Trials", "Trials\Trials.csproj", "{C48C6652-5D4F-4776-9239-9429138C16EC}"
EndProject
Global
	GlobalSection(SolutionConfigurationPlatforms) = preSolution
		Debug|Any CPU = Debug|Any CPU
		Release|Any CPU = Release|Any CPU
	EndGlobalSection
	GlobalSection(ProjectConfigurationPlatforms) = postSolution
		{C48C6652-5D4F-4776-9239-9429138C16EC}.Debug|Any CPU.ActiveCfg = Debug|Any CPU
		{C48C6652-5D4F-4776-9239-9429138C16EC}.Debug|Any CPU.Build.0 = Debug|Any CPU
		{C48C6652-5D4F-4776-9239-9429138C16EC}.Release|Any CPU.ActiveCfg = Release|Any CPU
		{C48C6652-5D4F-4776-9239-9429138C16EC}.Release|Any CPU.Build.0 = Release|Any CPU
	EndGlobalSection
	GlobalSection(SolutionProperties) = preSolution
		HideSolutionNode = FALSE
	EndGlobalSection
	GlobalSection(ExtensibilityGlobals) = postSolution
		SolutionGuid = {35BD5EAB-457B-487A-BFA4-37550FB15828}
	EndGlobalSection
EndGlobal
