
Microsoft Visual Studio Solution File, Format Version 12.00
# Visual Studio Version 17
VisualStudioVersion = 17.7.34024.191
MinimumVisualStudioVersion = 10.0.40219.1
Project("{FAE04EC0-301F-11D3-BF4B-00C04F79EFBC}") = "StaticAsync", "StaticAsync\StaticAsync.csproj", "{F68AE23A-AAF5-4EE9-A6DF-7F9A7473DCF2}"
EndProject
Global
	GlobalSection(SolutionConfigurationPlatforms) = preSolution
		Debug|Any CPU = Debug|Any CPU
		Release|Any CPU = Release|Any CPU
	EndGlobalSection
	GlobalSection(ProjectConfigurationPlatforms) = postSolution
		{F68AE23A-AAF5-4EE9-A6DF-7F9A7473DCF2}.Debug|Any CPU.ActiveCfg = Debug|Any CPU
		{F68AE23A-AAF5-4EE9-A6DF-7F9A7473DCF2}.Debug|Any CPU.Build.0 = Debug|Any CPU
		{F68AE23A-AAF5-4EE9-A6DF-7F9A7473DCF2}.Release|Any CPU.ActiveCfg = Release|Any CPU
		{F68AE23A-AAF5-4EE9-A6DF-7F9A7473DCF2}.Release|Any CPU.Build.0 = Release|Any CPU
	EndGlobalSection
	GlobalSection(SolutionProperties) = preSolution
		HideSolutionNode = FALSE
	EndGlobalSection
	GlobalSection(ExtensibilityGlobals) = postSolution
		SolutionGuid = {1AF859FE-1387-4689-8B6A-C5A08A5CCCEE}
	EndGlobalSection
EndGlobal
