
Microsoft Visual Studio Solution File, Format Version 12.00
# Visual Studio Version 16
VisualStudioVersion = 16.0.32602.291
MinimumVisualStudioVersion = 10.0.40219.1
Project("{FAE04EC0-301F-11D3-BF4B-00C04F79EFBC}") = "QueueStructure", "QueueStructure\QueueStructure.csproj", "{517DB17E-593E-4E34-AE9D-11B6FC56C3EA}"
EndProject
Global
	GlobalSection(SolutionConfigurationPlatforms) = preSolution
		Debug|Any CPU = Debug|Any CPU
		Release|Any CPU = Release|Any CPU
	EndGlobalSection
	GlobalSection(ProjectConfigurationPlatforms) = postSolution
		{517DB17E-593E-4E34-AE9D-11B6FC56C3EA}.Debug|Any CPU.ActiveCfg = Debug|Any CPU
		{517DB17E-593E-4E34-AE9D-11B6FC56C3EA}.Debug|Any CPU.Build.0 = Debug|Any CPU
		{517DB17E-593E-4E34-AE9D-11B6FC56C3EA}.Release|Any CPU.ActiveCfg = Release|Any CPU
		{517DB17E-593E-4E34-AE9D-11B6FC56C3EA}.Release|Any CPU.Build.0 = Release|Any CPU
	EndGlobalSection
	GlobalSection(SolutionProperties) = preSolution
		HideSolutionNode = FALSE
	EndGlobalSection
	GlobalSection(ExtensibilityGlobals) = postSolution
		SolutionGuid = {7F90CBBF-EE9E-4924-8886-5CF590ACA1CA}
	EndGlobalSection
EndGlobal
