
Microsoft Visual Studio Solution File, Format Version 12.00
# Visual Studio Version 17
VisualStudioVersion = 17.6.33723.286
MinimumVisualStudioVersion = 10.0.40219.1
Project("{8BC9CEB8-8B4A-11D0-8D11-00A0C91BC942}") = "Console", "Console\Console.vcxproj", "{BE8C0D35-C417-43F1-8100-C03561792616}"
EndProject
Global
	GlobalSection(SolutionConfigurationPlatforms) = preSolution
		Debug|x64 = Debug|x64
		Debug|x86 = Debug|x86
		Release|x64 = Release|x64
		Release|x86 = Release|x86
	EndGlobalSection
	GlobalSection(ProjectConfigurationPlatforms) = postSolution
		{BE8C0D35-C417-43F1-8100-C03561792616}.Debug|x64.ActiveCfg = Debug|x64
		{BE8C0D35-C417-43F1-8100-C03561792616}.Debug|x64.Build.0 = Debug|x64
		{BE8C0D35-C417-43F1-8100-C03561792616}.Debug|x86.ActiveCfg = Debug|Win32
		{BE8C0D35-C417-43F1-8100-C03561792616}.Debug|x86.Build.0 = Debug|Win32
		{BE8C0D35-C417-43F1-8100-C03561792616}.Release|x64.ActiveCfg = Release|x64
		{BE8C0D35-C417-43F1-8100-C03561792616}.Release|x64.Build.0 = Release|x64
		{BE8C0D35-C417-43F1-8100-C03561792616}.Release|x86.ActiveCfg = Release|Win32
		{BE8C0D35-C417-43F1-8100-C03561792616}.Release|x86.Build.0 = Release|Win32
	EndGlobalSection
	GlobalSection(SolutionProperties) = preSolution
		HideSolutionNode = FALSE
	EndGlobalSection
	GlobalSection(ExtensibilityGlobals) = postSolution
		SolutionGuid = {C6A61E40-F498-4875-8B93-5034C46FAA11}
	EndGlobalSection
EndGlobal
