
Microsoft Visual Studio Solution File, Format Version 12.00
# Visual Studio Version 17
VisualStudioVersion = 17.7.34024.191
MinimumVisualStudioVersion = 10.0.40219.1
Project("{FAE04EC0-301F-11D3-BF4B-00C04F79EFBC}") = "Sorting", "Sorting\Sorting.csproj", "{E4963147-D403-4AFB-A47F-B53999CEB8EB}"
EndProject
Global
	GlobalSection(SolutionConfigurationPlatforms) = preSolution
		Debug|Any CPU = Debug|Any CPU
		Release|Any CPU = Release|Any CPU
	EndGlobalSection
	GlobalSection(ProjectConfigurationPlatforms) = postSolution
		{E4963147-D403-4AFB-A47F-B53999CEB8EB}.Debug|Any CPU.ActiveCfg = Debug|Any CPU
		{E4963147-D403-4AFB-A47F-B53999CEB8EB}.Debug|Any CPU.Build.0 = Debug|Any CPU
		{E4963147-D403-4AFB-A47F-B53999CEB8EB}.Release|Any CPU.ActiveCfg = Release|Any CPU
		{E4963147-D403-4AFB-A47F-B53999CEB8EB}.Release|Any CPU.Build.0 = Release|Any CPU
	EndGlobalSection
	GlobalSection(SolutionProperties) = preSolution
		HideSolutionNode = FALSE
	EndGlobalSection
	GlobalSection(ExtensibilityGlobals) = postSolution
		SolutionGuid = {A3520BDB-2EC6-42CC-865A-CCE494763394}
	EndGlobalSection
EndGlobal
