
Microsoft Visual Studio Solution File, Format Version 12.00
# Visual Studio Version 17
VisualStudioVersion = 17.7.34024.191
MinimumVisualStudioVersion = 10.0.40219.1
Project("{FAE04EC0-301F-11D3-BF4B-00C04F79EFBC}") = "SubArray", "SubArray\SubArray.csproj", "{989D71B1-5048-4D77-9B5B-9CF3F0604D5D}"
EndProject
Global
	GlobalSection(SolutionConfigurationPlatforms) = preSolution
		Debug|Any CPU = Debug|Any CPU
		Release|Any CPU = Release|Any CPU
	EndGlobalSection
	GlobalSection(ProjectConfigurationPlatforms) = postSolution
		{989D71B1-5048-4D77-9B5B-9CF3F0604D5D}.Debug|Any CPU.ActiveCfg = Debug|Any CPU
		{989D71B1-5048-4D77-9B5B-9CF3F0604D5D}.Debug|Any CPU.Build.0 = Debug|Any CPU
		{989D71B1-5048-4D77-9B5B-9CF3F0604D5D}.Release|Any CPU.ActiveCfg = Release|Any CPU
		{989D71B1-5048-4D77-9B5B-9CF3F0604D5D}.Release|Any CPU.Build.0 = Release|Any CPU
	EndGlobalSection
	GlobalSection(SolutionProperties) = preSolution
		HideSolutionNode = FALSE
	EndGlobalSection
	GlobalSection(ExtensibilityGlobals) = postSolution
		SolutionGuid = {CB16458C-6F0A-409D-92E3-ABAE7254FC9C}
	EndGlobalSection
EndGlobal
