
Microsoft Visual Studio Solution File, Format Version 12.00
# Visual Studio Version 17
VisualStudioVersion = 17.14.36310.24 d17.14
MinimumVisualStudioVersion = 10.0.40219.1
Project("{FAE04EC0-301F-11D3-BF4B-00C04F79EFBC}") = "Tree", "Tree\Tree.csproj", "{F17F76A6-1A99-4E04-AE74-5BB67FA18603}"
EndProject
Global
	GlobalSection(SolutionConfigurationPlatforms) = preSolution
		Debug|Any CPU = Debug|Any CPU
		Release|Any CPU = Release|Any CPU
	EndGlobalSection
	GlobalSection(ProjectConfigurationPlatforms) = postSolution
		{F17F76A6-1A99-4E04-AE74-5BB67FA18603}.Debug|Any CPU.ActiveCfg = Debug|Any CPU
		{F17F76A6-1A99-4E04-AE74-5BB67FA18603}.Debug|Any CPU.Build.0 = Debug|Any CPU
		{F17F76A6-1A99-4E04-AE74-5BB67FA18603}.Release|Any CPU.ActiveCfg = Release|Any CPU
		{F17F76A6-1A99-4E04-AE74-5BB67FA18603}.Release|Any CPU.Build.0 = Release|Any CPU
	EndGlobalSection
	GlobalSection(SolutionProperties) = preSolution
		HideSolutionNode = FALSE
	EndGlobalSection
	GlobalSection(ExtensibilityGlobals) = postSolution
		SolutionGuid = {EBCC0DC3-A133-427D-A37B-1F9358DF1BFD}
	EndGlobalSection
EndGlobal
