
Microsoft Visual Studio Solution File, Format Version 12.00
# Visual Studio Version 17
VisualStudioVersion = 17.6.33723.286
MinimumVisualStudioVersion = 10.0.40219.1
Project("{FAE04EC0-301F-11D3-BF4B-00C04F79EFBC}") = "TrialAsync", "TrialAsync\TrialAsync.csproj", "{55470DF3-7338-4F73-8B0A-B1616B43F078}"
EndProject
Global
	GlobalSection(SolutionConfigurationPlatforms) = preSolution
		Debug|Any CPU = Debug|Any CPU
		Release|Any CPU = Release|Any CPU
	EndGlobalSection
	GlobalSection(ProjectConfigurationPlatforms) = postSolution
		{55470DF3-7338-4F73-8B0A-B1616B43F078}.Debug|Any CPU.ActiveCfg = Debug|Any CPU
		{55470DF3-7338-4F73-8B0A-B1616B43F078}.Debug|Any CPU.Build.0 = Debug|Any CPU
		{55470DF3-7338-4F73-8B0A-B1616B43F078}.Release|Any CPU.ActiveCfg = Release|Any CPU
		{55470DF3-7338-4F73-8B0A-B1616B43F078}.Release|Any CPU.Build.0 = Release|Any CPU
	EndGlobalSection
	GlobalSection(SolutionProperties) = preSolution
		HideSolutionNode = FALSE
	EndGlobalSection
	GlobalSection(ExtensibilityGlobals) = postSolution
		SolutionGuid = {B9AF5C8C-EF56-47F2-83CA-0207F626AF73}
	EndGlobalSection
EndGlobal
